
Microsoft Visual Studio Solution File, Format Version 12.00
# Visual Studio Version 16
VisualStudioVersion = 16.0.32002.261
MinimumVisualStudioVersion = 10.0.40219.1
Project("{9A19103F-16F7-4668-BE54-9A1E7A4F7556}") = "WebApi.Prueba.Backend", "WebApi.Prueba.Backend\WebApi.Prueba.Backend.csproj", "{A83D71A3-5127-4324-8B4C-47026D8B1A4B}"
EndProject
Project("{FAE04EC0-301F-11D3-BF4B-00C04F79EFBC}") = "WebApi.Prueba.Backend.Tests", "WebApi.Prueba.Backend.Tests\WebApi.Prueba.Backend.Tests.csproj", "{DB3F8915-A643-4E50-B2FC-7F0A0B6BFF18}"
EndProject
Global
	GlobalSection(SolutionConfigurationPlatforms) = preSolution
		Debug|Any CPU = Debug|Any CPU
		Release|Any CPU = Release|Any CPU
	EndGlobalSection
	GlobalSection(ProjectConfigurationPlatforms) = postSolution
		{A83D71A3-5127-4324-8B4C-47026D8B1A4B}.Debug|Any CPU.ActiveCfg = Debug|Any CPU
		{A83D71A3-5127-4324-8B4C-47026D8B1A4B}.Debug|Any CPU.Build.0 = Debug|Any CPU
		{A83D71A3-5127-4324-8B4C-47026D8B1A4B}.Release|Any CPU.ActiveCfg = Release|Any CPU
		{A83D71A3-5127-4324-8B4C-47026D8B1A4B}.Release|Any CPU.Build.0 = Release|Any CPU
		{DB3F8915-A643-4E50-B2FC-7F0A0B6BFF18}.Debug|Any CPU.ActiveCfg = Debug|Any CPU
		{DB3F8915-A643-4E50-B2FC-7F0A0B6BFF18}.Debug|Any CPU.Build.0 = Debug|Any CPU
		{DB3F8915-A643-4E50-B2FC-7F0A0B6BFF18}.Release|Any CPU.ActiveCfg = Release|Any CPU
		{DB3F8915-A643-4E50-B2FC-7F0A0B6BFF18}.Release|Any CPU.Build.0 = Release|Any CPU
	EndGlobalSection
	GlobalSection(SolutionProperties) = preSolution
		HideSolutionNode = FALSE
	EndGlobalSection
	GlobalSection(ExtensibilityGlobals) = postSolution
		SolutionGuid = {6D3877EC-E1C2-48F9-ABA6-8DE8108B71F6}
	EndGlobalSection
EndGlobal
